// !$*UTF8*$!
{
	archiveVersion = 1;
	classes = {
	};
	objectVersion = 46;
	objects = {

/* Begin PBXBuildFile section */
		5D0C4C881D0E5C24002B0727 /* main.m in Sources */ = {isa = PBXBuildFile; fileRef = 5D0C4C871D0E5C24002B0727 /* main.m */; };
		5D0C4C8B1D0E5C24002B0727 /* AppDelegate.m in Sources */ = {isa = PBXBuildFile; fileRef = 5D0C4C8A1D0E5C24002B0727 /* AppDelegate.m */; };
		5D0C4C8E1D0E5C24002B0727 /* ViewController.m in Sources */ = {isa = PBXBuildFile; fileRef = 5D0C4C8D1D0E5C24002B0727 /* ViewController.m */; };
		5D0C4C911D0E5C24002B0727 /* Main.storyboard in Resources */ = {isa = PBXBuildFile; fileRef = 5D0C4C8F1D0E5C24002B0727 /* Main.storyboard */; };
		5D0C4C931D0E5C24002B0727 /* Assets.xcassets in Resources */ = {isa = PBXBuildFile; fileRef = 5D0C4C921D0E5C24002B0727 /* Assets.xcassets */; };
		5D0C4C961D0E5C24002B0727 /* LaunchScreen.storyboard in Resources */ = {isa = PBXBuildFile; fileRef = 5D0C4C941D0E5C24002B0727 /* LaunchScreen.storyboard */; };
		5D0C4CA11D0E5C24002B0727 /* testJYRulerTests.m in Sources */ = {isa = PBXBuildFile; fileRef = 5D0C4CA01D0E5C24002B0727 /* testJYRulerTests.m */; };
		5D0C4CAC1D0E5C24002B0727 /* testJYRulerUITests.m in Sources */ = {isa = PBXBuildFile; fileRef = 5D0C4CAB1D0E5C24002B0727 /* testJYRulerUITests.m */; };
		5D0C4CC01D0E5C7A002B0727 /* JYHRrettyRuler.m in Sources */ = {isa = PBXBuildFile; fileRef = 5D0C4CBB1D0E5C7A002B0727 /* JYHRrettyRuler.m */; };
		5D0C4CC11D0E5C7A002B0727 /* JYRecordingView.m in Sources */ = {isa = PBXBuildFile; fileRef = 5D0C4CBD1D0E5C7A002B0727 /* JYRecordingView.m */; };
		5D0C4CC21D0E5C7A002B0727 /* JYRulerScrollView.m in Sources */ = {isa = PBXBuildFile; fileRef = 5D0C4CBF1D0E5C7A002B0727 /* JYRulerScrollView.m */; };
		5D0C4CC51D0E5E75002B0727 /* UIButton+JYCustom.m in Sources */ = {isa = PBXBuildFile; fileRef = 5D0C4CC41D0E5E75002B0727 /* UIButton+JYCustom.m */; };
		5D0C4CC81D0E5F5C002B0727 /* home_weight_edit.png in Resources */ = {isa = PBXBuildFile; fileRef = 5D0C4CC61D0E5F5C002B0727 /* home_weight_edit.png */; };
		5D0C4CC91D0E5F5C002B0727 /* home_weight_edit@2x.png in Resources */ = {isa = PBXBuildFile; fileRef = 5D0C4CC71D0E5F5C002B0727 /* home_weight_edit@2x.png */; };
		5D0C4CCC1D0E5FB9002B0727 /* UIColor+JYColor.m in Sources */ = {isa = PBXBuildFile; fileRef = 5D0C4CCB1D0E5FB9002B0727 /* UIColor+JYColor.m */; };
		5D0C4CCF1D0E60D4002B0727 /* UIView+Extension.m in Sources */ = {isa = PBXBuildFile; fileRef = 5D0C4CCE1D0E60D4002B0727 /* UIView+Extension.m */; };
/* End PBXBuildFile section */

/* Begin PBXContainerItemProxy section */
		5D0C4C9D1D0E5C24002B0727 /* PBXContainerItemProxy */ = {
			isa = PBXContainerItemProxy;
			containerPortal = 5D0C4C7B1D0E5C24002B0727 /* Project object */;
			proxyType = 1;
			remoteGlobalIDString = 5D0C4C821D0E5C24002B0727;
			remoteInfo = testJYRuler;
		};
		5D0C4CA81D0E5C24002B0727 /* PBXContainerItemProxy */ = {
			isa = PBXContainerItemProxy;
			containerPortal = 5D0C4C7B1D0E5C24002B0727 /* Project object */;
			proxyType = 1;
			remoteGlobalIDString = 5D0C4C821D0E5C24002B0727;
			remoteInfo = testJYRuler;
		};
/* End PBXContainerItemProxy section */

/* Begin PBXFileReference section */
		5D0C4C831D0E5C24002B0727 /* testJYRuler.app */ = {isa = PBXFileReference; explicitFileType = wrapper.application; includeInIndex = 0; path = testJYRuler.app; sourceTree = BUILT_PRODUCTS_DIR; };
		5D0C4C871D0E5C24002B0727 /* main.m */ = {isa = PBXFileReference; lastKnownFileType = sourcecode.c.objc; path = main.m; sourceTree = "<group>"; };
		5D0C4C891D0E5C24002B0727 /* AppDelegate.h */ = {isa = PBXFileReference; lastKnownFileType = sourcecode.c.h; path = AppDelegate.h; sourceTree = "<group>"; };
		5D0C4C8A1D0E5C24002B0727 /* AppDelegate.m */ = {isa = PBXFileReference; lastKnownFileType = sourcecode.c.objc; path = AppDelegate.m; sourceTree = "<group>"; };
		5D0C4C8C1D0E5C24002B0727 /* ViewController.h */ = {isa = PBXFileReference; lastKnownFileType = sourcecode.c.h; path = ViewController.h; sourceTree = "<group>"; };
		5D0C4C8D1D0E5C24002B0727 /* ViewController.m */ = {isa = PBXFileReference; lastKnownFileType = sourcecode.c.objc; path = ViewController.m; sourceTree = "<group>"; };
		5D0C4C901D0E5C24002B0727 /* Base */ = {isa = PBXFileReference; lastKnownFileType = file.storyboard; name = Base; path = Base.lproj/Main.storyboard; sourceTree = "<group>"; };
		5D0C4C921D0E5C24002B0727 /* Assets.xcassets */ = {isa = PBXFileReference; lastKnownFileType = folder.assetcatalog; path = Assets.xcassets; sourceTree = "<group>"; };
		5D0C4C951D0E5C24002B0727 /* Base */ = {isa = PBXFileReference; lastKnownFileType = file.storyboard; name = Base; path = Base.lproj/LaunchScreen.storyboard; sourceTree = "<group>"; };
		5D0C4C971D0E5C24002B0727 /* Info.plist */ = {isa = PBXFileReference; lastKnownFileType = text.plist.xml; path = Info.plist; sourceTree = "<group>"; };
		5D0C4C9C1D0E5C24002B0727 /* testJYRulerTests.xctest */ = {isa = PBXFileReference; explicitFileType = wrapper.cfbundle; includeInIndex = 0; path = testJYRulerTests.xctest; sourceTree = BUILT_PRODUCTS_DIR; };
		5D0C4CA01D0E5C24002B0727 /* testJYRulerTests.m */ = {isa = PBXFileReference; lastKnownFileType = sourcecode.c.objc; path = testJYRulerTests.m; sourceTree = "<group>"; };
		5D0C4CA21D0E5C24002B0727 /* Info.plist */ = {isa = PBXFileReference; lastKnownFileType = text.plist.xml; path = Info.plist; sourceTree = "<group>"; };
		5D0C4CA71D0E5C24002B0727 /* testJYRulerUITests.xctest */ = {isa = PBXFileReference; explicitFileType = wrapper.cfbundle; includeInIndex = 0; path = testJYRulerUITests.xctest; sourceTree = BUILT_PRODUCTS_DIR; };
		5D0C4CAB1D0E5C24002B0727 /* testJYRulerUITests.m */ = {isa = PBXFileReference; lastKnownFileType = sourcecode.c.objc; path = testJYRulerUITests.m; sourceTree = "<group>"; };
		5D0C4CAD1D0E5C24002B0727 /* Info.plist */ = {isa = PBXFileReference; lastKnownFileType = text.plist.xml; path = Info.plist; sourceTree = "<group>"; };
		5D0C4CBA1D0E5C7A002B0727 /* JYHRrettyRuler.h */ = {isa = PBXFileReference; fileEncoding = 4; lastKnownFileType = sourcecode.c.h; path = JYHRrettyRuler.h; sourceTree = "<group>"; };
		5D0C4CBB1D0E5C7A002B0727 /* JYHRrettyRuler.m */ = {isa = PBXFileReference; fileEncoding = 4; lastKnownFileType = sourcecode.c.objc; path = JYHRrettyRuler.m; sourceTree = "<group>"; };
		5D0C4CBC1D0E5C7A002B0727 /* JYRecordingView.h */ = {isa = PBXFileReference; fileEncoding = 4; lastKnownFileType = sourcecode.c.h; path = JYRecordingView.h; sourceTree = "<group>"; };
		5D0C4CBD1D0E5C7A002B0727 /* JYRecordingView.m */ = {isa = PBXFileReference; fileEncoding = 4; lastKnownFileType = sourcecode.c.objc; path = JYRecordingView.m; sourceTree = "<group>"; };
		5D0C4CBE1D0E5C7A002B0727 /* JYRulerScrollView.h */ = {isa = PBXFileReference; fileEncoding = 4; lastKnownFileType = sourcecode.c.h; path = JYRulerScrollView.h; sourceTree = "<group>"; };
		5D0C4CBF1D0E5C7A002B0727 /* JYRulerScrollView.m */ = {isa = PBXFileReference; fileEncoding = 4; lastKnownFileType = sourcecode.c.objc; path = JYRulerScrollView.m; sourceTree = "<group>"; };
		5D0C4CC31D0E5E75002B0727 /* UIButton+JYCustom.h */ = {isa = PBXFileReference; fileEncoding = 4; lastKnownFileType = sourcecode.c.h; name = "UIButton+JYCustom.h"; path = "../UIButton+JYCustom.h"; sourceTree = "<group>"; };
		5D0C4CC41D0E5E75002B0727 /* UIButton+JYCustom.m */ = {isa = PBXFileReference; fileEncoding = 4; lastKnownFileType = sourcecode.c.objc; name = "UIButton+JYCustom.m"; path = "../UIButton+JYCustom.m"; sourceTree = "<group>"; };
		5D0C4CC61D0E5F5C002B0727 /* home_weight_edit.png */ = {isa = PBXFileReference; lastKnownFileType = image.png; path = home_weight_edit.png; sourceTree = "<group>"; };
		5D0C4CC71D0E5F5C002B0727 /* home_weight_edit@2x.png */ = {isa = PBXFileReference; lastKnownFileType = image.png; path = "home_weight_edit@2x.png"; sourceTree = "<group>"; };
		5D0C4CCA1D0E5FB9002B0727 /* UIColor+JYColor.h */ = {isa = PBXFileReference; fileEncoding = 4; lastKnownFileType = sourcecode.c.h; path = "UIColor+JYColor.h"; sourceTree = "<group>"; };
		5D0C4CCB1D0E5FB9002B0727 /* UIColor+JYColor.m */ = {isa = PBXFileReference; fileEncoding = 4; lastKnownFileType = sourcecode.c.objc; path = "UIColor+JYColor.m"; sourceTree = "<group>"; };
		5D0C4CCD1D0E60D4002B0727 /* UIView+Extension.h */ = {isa = PBXFileReference; fileEncoding = 4; lastKnownFileType = sourcecode.c.h; path = "UIView+Extension.h"; sourceTree = "<group>"; };
		5D0C4CCE1D0E60D4002B0727 /* UIView+Extension.m */ = {isa = PBXFileReference; fileEncoding = 4; lastKnownFileType = sourcecode.c.objc; path = "UIView+Extension.m"; sourceTree = "<group>"; };
/* End PBXFileReference section */

/* Begin PBXFrameworksBuildPhase section */
		5D0C4C801D0E5C24002B0727 /* Frameworks */ = {
			isa = PBXFrameworksBuildPhase;
			buildActionMask = 2147483647;
			files = (
			);
			runOnlyForDeploymentPostprocessing = 0;
		};
		5D0C4C991D0E5C24002B0727 /* Frameworks */ = {
			isa = PBXFrameworksBuildPhase;
			buildActionMask = 2147483647;
			files = (
			);
			runOnlyForDeploymentPostprocessing = 0;
		};
		5D0C4CA41D0E5C24002B0727 /* Frameworks */ = {
			isa = PBXFrameworksBuildPhase;
			buildActionMask = 2147483647;
			files = (
			);
			runOnlyForDeploymentPostprocessing = 0;
		};
/* End PBXFrameworksBuildPhase section */

/* Begin PBXGroup section */
		5D0C4C7A1D0E5C24002B0727 = {
			isa = PBXGroup;
			children = (
				5D0C4C851D0E5C24002B0727 /* testJYRuler */,
				5D0C4C9F1D0E5C24002B0727 /* testJYRulerTests */,
				5D0C4CAA1D0E5C24002B0727 /* testJYRulerUITests */,
				5D0C4C841D0E5C24002B0727 /* Products */,
			);
			sourceTree = "<group>";
		};
		5D0C4C841D0E5C24002B0727 /* Products */ = {
			isa = PBXGroup;
			children = (
				5D0C4C831D0E5C24002B0727 /* testJYRuler.app */,
				5D0C4C9C1D0E5C24002B0727 /* testJYRulerTests.xctest */,
				5D0C4CA71D0E5C24002B0727 /* testJYRulerUITests.xctest */,
			);
			name = Products;
			sourceTree = "<group>";
		};
		5D0C4C851D0E5C24002B0727 /* testJYRuler */ = {
			isa = PBXGroup;
			children = (
				5D0C4CB91D0E5C69002B0727 /* ruler */,
				5D0C4C891D0E5C24002B0727 /* AppDelegate.h */,
				5D0C4CC61D0E5F5C002B0727 /* home_weight_edit.png */,
				5D0C4CC71D0E5F5C002B0727 /* home_weight_edit@2x.png */,
				5D0C4C8A1D0E5C24002B0727 /* AppDelegate.m */,
				5D0C4C8C1D0E5C24002B0727 /* ViewController.h */,
				5D0C4C8D1D0E5C24002B0727 /* ViewController.m */,
				5D0C4C8F1D0E5C24002B0727 /* Main.storyboard */,
				5D0C4C921D0E5C24002B0727 /* Assets.xcassets */,
				5D0C4C941D0E5C24002B0727 /* LaunchScreen.storyboard */,
				5D0C4C971D0E5C24002B0727 /* Info.plist */,
				5D0C4C861D0E5C24002B0727 /* Supporting Files */,
			);
			path = testJYRuler;
			sourceTree = "<group>";
		};
		5D0C4C861D0E5C24002B0727 /* Supporting Files */ = {
			isa = PBXGroup;
			children = (
				5D0C4C871D0E5C24002B0727 /* main.m */,
			);
			name = "Supporting Files";
			sourceTree = "<group>";
		};
		5D0C4C9F1D0E5C24002B0727 /* testJYRulerTests */ = {
			isa = PBXGroup;
			children = (
				5D0C4CA01D0E5C24002B0727 /* testJYRulerTests.m */,
				5D0C4CA21D0E5C24002B0727 /* Info.plist */,
			);
			path = testJYRulerTests;
			sourceTree = "<group>";
		};
		5D0C4CAA1D0E5C24002B0727 /* testJYRulerUITests */ = {
			isa = PBXGroup;
			children = (
				5D0C4CAB1D0E5C24002B0727 /* testJYRulerUITests.m */,
				5D0C4CAD1D0E5C24002B0727 /* Info.plist */,
			);
			path = testJYRulerUITests;
			sourceTree = "<group>";
		};
		5D0C4CB91D0E5C69002B0727 /* ruler */ = {
			isa = PBXGroup;
			children = (
				5D0C4CCD1D0E60D4002B0727 /* UIView+Extension.h */,
				5D0C4CCE1D0E60D4002B0727 /* UIView+Extension.m */,
				5D0C4CCA1D0E5FB9002B0727 /* UIColor+JYColor.h */,
				5D0C4CCB1D0E5FB9002B0727 /* UIColor+JYColor.m */,
				5D0C4CC31D0E5E75002B0727 /* UIButton+JYCustom.h */,
				5D0C4CC41D0E5E75002B0727 /* UIButton+JYCustom.m */,
				5D0C4CBA1D0E5C7A002B0727 /* JYHRrettyRuler.h */,
				5D0C4CBB1D0E5C7A002B0727 /* JYHRrettyRuler.m */,
				5D0C4CBC1D0E5C7A002B0727 /* JYRecordingView.h */,
				5D0C4CBD1D0E5C7A002B0727 /* JYRecordingView.m */,
				5D0C4CBE1D0E5C7A002B0727 /* JYRulerScrollView.h */,
				5D0C4CBF1D0E5C7A002B0727 /* JYRulerScrollView.m */,
			);
			path = ruler;
			sourceTree = "<group>";
		};
/* End PBXGroup section */

/* Begin PBXNativeTarget section */
		5D0C4C821D0E5C24002B0727 /* testJYRuler */ = {
			isa = PBXNativeTarget;
			buildConfigurationList = 5D0C4CB01D0E5C24002B0727 /* Build configuration list for PBXNativeTarget "testJYRuler" */;
			buildPhases = (
				5D0C4C7F1D0E5C24002B0727 /* Sources */,
				5D0C4C801D0E5C24002B0727 /* Frameworks */,
				5D0C4C811D0E5C24002B0727 /* Resources */,
			);
			buildRules = (
			);
			dependencies = (
			);
			name = testJYRuler;
			productName = testJYRuler;
			productReference = 5D0C4C831D0E5C24002B0727 /* testJYRuler.app */;
			productType = "com.apple.product-type.application";
		};
		5D0C4C9B1D0E5C24002B0727 /* testJYRulerTests */ = {
			isa = PBXNativeTarget;
			buildConfigurationList = 5D0C4CB31D0E5C24002B0727 /* Build configuration list for PBXNativeTarget "testJYRulerTests" */;
			buildPhases = (
				5D0C4C981D0E5C24002B0727 /* Sources */,
				5D0C4C991D0E5C24002B0727 /* Frameworks */,
				5D0C4C9A1D0E5C24002B0727 /* Resources */,
			);
			buildRules = (
			);
			dependencies = (
				5D0C4C9E1D0E5C24002B0727 /* PBXTargetDependency */,
			);
			name = testJYRulerTests;
			productName = testJYRulerTests;
			productReference = 5D0C4C9C1D0E5C24002B0727 /* testJYRulerTests.xctest */;
			productType = "com.apple.product-type.bundle.unit-test";
		};
		5D0C4CA61D0E5C24002B0727 /* testJYRulerUITests */ = {
			isa = PBXNativeTarget;
			buildConfigurationList = 5D0C4CB61D0E5C24002B0727 /* Build configuration list for PBXNativeTarget "testJYRulerUITests" */;
			buildPhases = (
				5D0C4CA31D0E5C24002B0727 /* Sources */,
				5D0C4CA41D0E5C24002B0727 /* Frameworks */,
				5D0C4CA51D0E5C24002B0727 /* Resources */,
			);
			buildRules = (
			);
			dependencies = (
				5D0C4CA91D0E5C24002B0727 /* PBXTargetDependency */,
			);
			name = testJYRulerUITests;
			productName = testJYRulerUITests;
			productReference = 5D0C4CA71D0E5C24002B0727 /* testJYRulerUITests.xctest */;
			productType = "com.apple.product-type.bundle.ui-testing";
		};
/* End PBXNativeTarget section */

/* Begin PBXProject section */
		5D0C4C7B1D0E5C24002B0727 /* Project object */ = {
			isa = PBXProject;
			attributes = {
				LastUpgradeCheck = 0730;
				ORGANIZATIONNAME = "姬巧春";
				TargetAttributes = {
					5D0C4C821D0E5C24002B0727 = {
						CreatedOnToolsVersion = 7.3;
					};
					5D0C4C9B1D0E5C24002B0727 = {
						CreatedOnToolsVersion = 7.3;
						TestTargetID = 5D0C4C821D0E5C24002B0727;
					};
					5D0C4CA61D0E5C24002B0727 = {
						CreatedOnToolsVersion = 7.3;
						TestTargetID = 5D0C4C821D0E5C24002B0727;
					};
				};
			};
			buildConfigurationList = 5D0C4C7E1D0E5C24002B0727 /* Build configuration list for PBXProject "testJYRuler" */;
			compatibilityVersion = "Xcode 3.2";
			developmentRegion = English;
			hasScannedForEncodings = 0;
			knownRegions = (
				en,
				Base,
			);
			mainGroup = 5D0C4C7A1D0E5C24002B0727;
			productRefGroup = 5D0C4C841D0E5C24002B0727 /* Products */;
			projectDirPath = "";
			projectRoot = "";
			targets = (
				5D0C4C821D0E5C24002B0727 /* testJYRuler */,
				5D0C4C9B1D0E5C24002B0727 /* testJYRulerTests */,
				5D0C4CA61D0E5C24002B0727 /* testJYRulerUITests */,
			);
		};
/* End PBXProject section */

/* Begin PBXResourcesBuildPhase section */
		5D0C4C811D0E5C24002B0727 /* Resources */ = {
			isa = PBXResourcesBuildPhase;
			buildActionMask = 2147483647;
			files = (
				5D0C4CC81D0E5F5C002B0727 /* home_weight_edit.png in Resources */,
				5D0C4C961D0E5C24002B0727 /* LaunchScreen.storyboard in Resources */,
				5D0C4C931D0E5C24002B0727 /* Assets.xcassets in Resources */,
				5D0C4C911D0E5C24002B0727 /* Main.storyboard in Resources */,
				5D0C4CC91D0E5F5C002B0727 /* home_weight_edit@2x.png in Resources */,
			);
			runOnlyForDeploymentPostprocessing = 0;
		};
		5D0C4C9A1D0E5C24002B0727 /* Resources */ = {
			isa = PBXResourcesBuildPhase;
			buildActionMask = 2147483647;
			files = (
			);
			runOnlyForDeploymentPostprocessing = 0;
		};
		5D0C4CA51D0E5C24002B0727 /* Resources */ = {
			isa = PBXResourcesBuildPhase;
			buildActionMask = 2147483647;
			files = (
			);
			runOnlyForDeploymentPostprocessing = 0;
		};
/* End PBXResourcesBuildPhase section */

/* Begin PBXSourcesBuildPhase section */
		5D0C4C7F1D0E5C24002B0727 /* Sources */ = {
			isa = PBXSourcesBuildPhase;
			buildActionMask = 2147483647;
			files = (
				5D0C4CCF1D0E60D4002B0727 /* UIView+Extension.m in Sources */,
				5D0C4C8E1D0E5C24002B0727 /* ViewController.m in Sources */,
				5D0C4C8B1D0E5C24002B0727 /* AppDelegate.m in Sources */,
				5D0C4CC01D0E5C7A002B0727 /* JYHRrettyRuler.m in Sources */,
				5D0C4CC21D0E5C7A002B0727 /* JYRulerScrollView.m in Sources */,
				5D0C4C881D0E5C24002B0727 /* main.m in Sources */,
				5D0C4CC51D0E5E75002B0727 /* UIButton+JYCustom.m in Sources */,
				5D0C4CCC1D0E5FB9002B0727 /* UIColor+JYColor.m in Sources */,
				5D0C4CC11D0E5C7A002B0727 /* JYRecordingView.m in Sources */,
			);
			runOnlyForDeploymentPostprocessing = 0;
		};
		5D0C4C981D0E5C24002B0727 /* Sources */ = {
			isa = PBXSourcesBuildPhase;
			buildActionMask = 2147483647;
			files = (
				5D0C4CA11D0E5C24002B0727 /* testJYRulerTests.m in Sources */,
			);
			runOnlyForDeploymentPostprocessing = 0;
		};
		5D0C4CA31D0E5C24002B0727 /* Sources */ = {
			isa = PBXSourcesBuildPhase;
			buildActionMask = 2147483647;
			files = (
				5D0C4CAC1D0E5C24002B0727 /* testJYRulerUITests.m in Sources */,
			);
			runOnlyForDeploymentPostprocessing = 0;
		};
/* End PBXSourcesBuildPhase section */

/* Begin PBXTargetDependency section */
		5D0C4C9E1D0E5C24002B0727 /* PBXTargetDependency */ = {
			isa = PBXTargetDependency;
			target = 5D0C4C821D0E5C24002B0727 /* testJYRuler */;
			targetProxy = 5D0C4C9D1D0E5C24002B0727 /* PBXContainerItemProxy */;
		};
		5D0C4CA91D0E5C24002B0727 /* PBXTargetDependency */ = {
			isa = PBXTargetDependency;
			target = 5D0C4C821D0E5C24002B0727 /* testJYRuler */;
			targetProxy = 5D0C4CA81D0E5C24002B0727 /* PBXContainerItemProxy */;
		};
/* End PBXTargetDependency section */

/* Begin PBXVariantGroup section */
		5D0C4C8F1D0E5C24002B0727 /* Main.storyboard */ = {
			isa = PBXVariantGroup;
			children = (
				5D0C4C901D0E5C24002B0727 /* Base */,
			);
			name = Main.storyboard;
			sourceTree = "<group>";
		};
		5D0C4C941D0E5C24002B0727 /* LaunchScreen.storyboard */ = {
			isa = PBXVariantGroup;
			children = (
				5D0C4C951D0E5C24002B0727 /* Base */,
			);
			name = LaunchScreen.storyboard;
			sourceTree = "<group>";
		};
/* End PBXVariantGroup section */

/* Begin XCBuildConfiguration section */
		5D0C4CAE1D0E5C24002B0727 /* Debug */ = {
			isa = XCBuildConfiguration;
			buildSettings = {
				ALWAYS_SEARCH_USER_PATHS = NO;
				CLANG_ANALYZER_NONNULL = YES;
				CLANG_CXX_LANGUAGE_STANDARD = "gnu++0x";
				CLANG_CXX_LIBRARY = "libc++";
				CLANG_ENABLE_MODULES = YES;
				CLANG_ENABLE_OBJC_ARC = YES;
				CLANG_WARN_BOOL_CONVERSION = YES;
				CLANG_WARN_CONSTANT_CONVERSION = YES;
				CLANG_WARN_DIRECT_OBJC_ISA_USAGE = YES_ERROR;
				CLANG_WARN_EMPTY_BODY = YES;
				CLANG_WARN_ENUM_CONVERSION = YES;
				CLANG_WARN_INT_CONVERSION = YES;
				CLANG_WARN_OBJC_ROOT_CLASS = YES_ERROR;
				CLANG_WARN_UNREACHABLE_CODE = YES;
				CLANG_WARN__DUPLICATE_METHOD_MATCH = YES;
				"CODE_SIGN_IDENTITY[sdk=iphoneos*]" = "iPhone Developer";
				COPY_PHASE_STRIP = NO;
				DEBUG_INFORMATION_FORMAT = dwarf;
				ENABLE_STRICT_OBJC_MSGSEND = YES;
				ENABLE_TESTABILITY = YES;
				GCC_C_LANGUAGE_STANDARD = gnu99;
				GCC_DYNAMIC_NO_PIC = NO;
				GCC_NO_COMMON_BLOCKS = YES;
				GCC_OPTIMIZATION_LEVEL = 0;
				GCC_PREPROCESSOR_DEFINITIONS = (
					"DEBUG=1",
					"$(inherited)",
				);
				GCC_WARN_64_TO_32_BIT_CONVERSION = YES;
				GCC_WARN_ABOUT_RETURN_TYPE = YES_ERROR;
				GCC_WARN_UNDECLARED_SELECTOR = YES;
				GCC_WARN_UNINITIALIZED_AUTOS = YES_AGGRESSIVE;
				GCC_WARN_UNUSED_FUNCTION = YES;
				GCC_WARN_UNUSED_VARIABLE = YES;
				IPHONEOS_DEPLOYMENT_TARGET = 9.3;
				MTL_ENABLE_DEBUG_INFO = YES;
				ONLY_ACTIVE_ARCH = YES;
				SDKROOT = iphoneos;
				TARGETED_DEVICE_FAMILY = "1,2";
			};
			name = Debug;
		};
		5D0C4CAF1D0E5C24002B0727 /* Release */ = {
			isa = XCBuildConfiguration;
			buildSettings = {
				ALWAYS_SEARCH_USER_PATHS = NO;
				CLANG_ANALYZER_NONNULL = YES;
				CLANG_CXX_LANGUAGE_STANDARD = "gnu++0x";
				CLANG_CXX_LIBRARY = "libc++";
				CLANG_ENABLE_MODULES = YES;
				CLANG_ENABLE_OBJC_ARC = YES;
				CLANG_WARN_BOOL_CONVERSION = YES;
				CLANG_WARN_CONSTANT_CONVERSION = YES;
				CLANG_WARN_DIRECT_OBJC_ISA_USAGE = YES_ERROR;
				CLANG_WARN_EMPTY_BODY = YES;
				CLANG_WARN_ENUM_CONVERSION = YES;
				CLANG_WARN_INT_CONVERSION = YES;
				CLANG_WARN_OBJC_ROOT_CLASS = YES_ERROR;
				CLANG_WARN_UNREACHABLE_CODE = YES;
				CLANG_WARN__DUPLICATE_METHOD_MATCH = YES;
				"CODE_SIGN_IDENTITY[sdk=iphoneos*]" = "iPhone Developer";
				COPY_PHASE_STRIP = NO;
				DEBUG_INFORMATION_FORMAT = "dwarf-with-dsym";
				ENABLE_NS_ASSERTIONS = NO;
				ENABLE_STRICT_OBJC_MSGSEND = YES;
				GCC_C_LANGUAGE_STANDARD = gnu99;
				GCC_NO_COMMON_BLOCKS = YES;
				GCC_WARN_64_TO_32_BIT_CONVERSION = YES;
				GCC_WARN_ABOUT_RETURN_TYPE = YES_ERROR;
				GCC_WARN_UNDECLARED_SELECTOR = YES;
				GCC_WARN_UNINITIALIZED_AUTOS = YES_AGGRESSIVE;
				GCC_WARN_UNUSED_FUNCTION = YES;
				GCC_WARN_UNUSED_VARIABLE = YES;
				IPHONEOS_DEPLOYMENT_TARGET = 9.3;
				MTL_ENABLE_DEBUG_INFO = NO;
				SDKROOT = iphoneos;
				TARGETED_DEVICE_FAMILY = "1,2";
				VALIDATE_PRODUCT = YES;
			};
			name = Release;
		};
		5D0C4CB11D0E5C24002B0727 /* Debug */ = {
			isa = XCBuildConfiguration;
			buildSettings = {
				ASSETCATALOG_COMPILER_APPICON_NAME = AppIcon;
				INFOPLIST_FILE = testJYRuler/Info.plist;
				LD_RUNPATH_SEARCH_PATHS = "$(inherited) @executable_path/Frameworks";
				PRODUCT_BUNDLE_IDENTIFIER = com.zhidoushi.testJYRuler;
				PRODUCT_NAME = "$(TARGET_NAME)";
			};
			name = Debug;
		};
		5D0C4CB21D0E5C24002B0727 /* Release */ = {
			isa = XCBuildConfiguration;
			buildSettings = {
				ASSETCATALOG_COMPILER_APPICON_NAME = AppIcon;
				INFOPLIST_FILE = testJYRuler/Info.plist;
				LD_RUNPATH_SEARCH_PATHS = "$(inherited) @executable_path/Frameworks";
				PRODUCT_BUNDLE_IDENTIFIER = com.zhidoushi.testJYRuler;
				PRODUCT_NAME = "$(TARGET_NAME)";
			};
			name = Release;
		};
		5D0C4CB41D0E5C24002B0727 /* Debug */ = {
			isa = XCBuildConfiguration;
			buildSettings = {
				BUNDLE_LOADER = "$(TEST_HOST)";
				INFOPLIST_FILE = testJYRulerTests/Info.plist;
				LD_RUNPATH_SEARCH_PATHS = "$(inherited) @executable_path/Frameworks @loader_path/Frameworks";
				PRODUCT_BUNDLE_IDENTIFIER = com.zhidoushi.testJYRulerTests;
				PRODUCT_NAME = "$(TARGET_NAME)";
				TEST_HOST = "$(BUILT_PRODUCTS_DIR)/testJYRuler.app/testJYRuler";
			};
			name = Debug;
		};
		5D0C4CB51D0E5C24002B0727 /* Release */ = {
			isa = XCBuildConfiguration;
			buildSettings = {
				BUNDLE_LOADER = "$(TEST_HOST)";
				INFOPLIST_FILE = testJYRulerTests/Info.plist;
				LD_RUNPATH_SEARCH_PATHS = "$(inherited) @executable_path/Frameworks @loader_path/Frameworks";
				PRODUCT_BUNDLE_IDENTIFIER = com.zhidoushi.testJYRulerTests;
				PRODUCT_NAME = "$(TARGET_NAME)";
				TEST_HOST = "$(BUILT_PRODUCTS_DIR)/testJYRuler.app/testJYRuler";
			};
			name = Release;
		};
		5D0C4CB71D0E5C24002B0727 /* Debug */ = {
			isa = XCBuildConfiguration;
			buildSettings = {
				INFOPLIST_FILE = testJYRulerUITests/Info.plist;
				LD_RUNPATH_SEARCH_PATHS = "$(inherited) @executable_path/Frameworks @loader_path/Frameworks";
				PRODUCT_BUNDLE_IDENTIFIER = com.zhidoushi.testJYRulerUITests;
				PRODUCT_NAME = "$(TARGET_NAME)";
				TEST_TARGET_NAME = testJYRuler;
			};
			name = Debug;
		};
		5D0C4CB81D0E5C24002B0727 /* Release */ = {
			isa = XCBuildConfiguration;
			buildSettings = {
				INFOPLIST_FILE = testJYRulerUITests/Info.plist;
				LD_RUNPATH_SEARCH_PATHS = "$(inherited) @executable_path/Frameworks @loader_path/Frameworks";
				PRODUCT_BUNDLE_IDENTIFIER = com.zhidoushi.testJYRulerUITests;
				PRODUCT_NAME = "$(TARGET_NAME)";
				TEST_TARGET_NAME = testJYRuler;
			};
			name = Release;
		};
/* End XCBuildConfiguration section */

/* Begin XCConfigurationList section */
		5D0C4C7E1D0E5C24002B0727 /* Build configuration list for PBXProject "testJYRuler" */ = {
			isa = XCConfigurationList;
			buildConfigurations = (
				5D0C4CAE1D0E5C24002B0727 /* Debug */,
				5D0C4CAF1D0E5C24002B0727 /* Release */,
			);
			defaultConfigurationIsVisible = 0;
			defaultConfigurationName = Release;
		};
		5D0C4CB01D0E5C24002B0727 /* Build configuration list for PBXNativeTarget "testJYRuler" */ = {
			isa = XCConfigurationList;
			buildConfigurations = (
				5D0C4CB11D0E5C24002B0727 /* Debug */,
				5D0C4CB21D0E5C24002B0727 /* Release */,
			);
			defaultConfigurationIsVisible = 0;
		};
		5D0C4CB31D0E5C24002B0727 /* Build configuration list for PBXNativeTarget "testJYRulerTests" */ = {
			isa = XCConfigurationList;
			buildConfigurations = (
				5D0C4CB41D0E5C24002B0727 /* Debug */,
				5D0C4CB51D0E5C24002B0727 /* Release */,
			);
			defaultConfigurationIsVisible = 0;
		};
		5D0C4CB61D0E5C24002B0727 /* Build configuration list for PBXNativeTarget "testJYRulerUITests" */ = {
			isa = XCConfigurationList;
			buildConfigurations = (
				5D0C4CB71D0E5C24002B0727 /* Debug */,
				5D0C4CB81D0E5C24002B0727 /* Release */,
			);
			defaultConfigurationIsVisible = 0;
		};
/* End XCConfigurationList section */
	};
	rootObject = 5D0C4C7B1D0E5C24002B0727 /* Project object */;
}
